{
  "pins" : [
    {
      "identity" : "boolexpressionevaluator",
      "kind" : "remoteSourceControl",
      "location" : "https://github.com/ensan-hcl/BoolExpressionEvaluator",
      "state" : {
        "branch" : "main",
        "revision" : "cad2da328ad33821aa7e2922fc79f4e967f2adff"
      }
    },
    {
      "identity" : "custardkit",
      "kind" : "remoteSourceControl",
      "location" : "https://github.com/ensan-hcl/CustardKit",
      "state" : {
        "branch" : "add/bool_state_api",
        "revision" : "4d3687ba102d7c721179df1b83b89a4798e901c0"
      }
    },
    {
      "identity" : "swift-algorithms",
      "kind" : "remoteSourceControl",
      "location" : "https://github.com/apple/swift-algorithms.git",
      "state" : {
        "revision" : "b14b7f4c528c942f121c8b860b9410b2bf57825e",
        "version" : "1.0.0"
      }
    },
    {
      "identity" : "swift-collections",
      "kind" : "remoteSourceControl",
      "location" : "https://github.com/apple/swift-collections.git",
      "state" : {
        "revision" : "f504716c27d2e5d4144fa4794b12129301d17729",
        "version" : "1.0.3"
      }
    },
    {
      "identity" : "swift-numerics",
      "kind" : "remoteSourceControl",
      "location" : "https://github.com/apple/swift-numerics",
      "state" : {
        "revision" : "0a5bc04095a675662cf24757cc0640aa2204253b",
        "version" : "1.0.2"
      }
    }
  ],
  "version" : 2
}
